// !$*UTF8*$!
{
	archiveVersion = 1;
	classes = {
	};
	objectVersion = 46;
	objects = {

/* Begin PBXBuildFile section */
		31363E201D1399B000CC86B9 /* AppDelegate.swift in Sources */ = {isa = PBXBuildFile; fileRef = 31363E1F1D1399B000CC86B9 /* AppDelegate.swift */; };
		31363E251D1399B000CC86B9 /* Main.storyboard in Resources */ = {isa = PBXBuildFile; fileRef = 31363E231D1399B000CC86B9 /* Main.storyboard */; };
		31363E281D1399B000CC86B9 /* His_Kids.xcdatamodeld in Sources */ = {isa = PBXBuildFile; fileRef = 31363E261D1399B000CC86B9 /* His_Kids.xcdatamodeld */; };
		31363E2A1D1399B000CC86B9 /* Assets.xcassets in Resources */ = {isa = PBXBuildFile; fileRef = 31363E291D1399B000CC86B9 /* Assets.xcassets */; };
		31363E2D1D1399B000CC86B9 /* LaunchScreen.storyboard in Resources */ = {isa = PBXBuildFile; fileRef = 31363E2B1D1399B000CC86B9 /* LaunchScreen.storyboard */; };
		31363E381D1399B000CC86B9 /* His_KidsTests.swift in Sources */ = {isa = PBXBuildFile; fileRef = 31363E371D1399B000CC86B9 /* His_KidsTests.swift */; };
		31363E431D1399B000CC86B9 /* His_KidsUITests.swift in Sources */ = {isa = PBXBuildFile; fileRef = 31363E421D1399B000CC86B9 /* His_KidsUITests.swift */; };
		31363E511D139DEE00CC86B9 /* MapKit.framework in Frameworks */ = {isa = PBXBuildFile; fileRef = 31363E501D139DEE00CC86B9 /* MapKit.framework */; };
		494277CD1DA9CD8600DF1F7F /* MainViewController.swift in Sources */ = {isa = PBXBuildFile; fileRef = 494277CC1DA9CD8600DF1F7F /* MainViewController.swift */; };
		494277CE1DA9CD8600DF1F7F /* MainViewController.swift in Sources */ = {isa = PBXBuildFile; fileRef = 494277CC1DA9CD8600DF1F7F /* MainViewController.swift */; };
		494277CF1DA9CD8600DF1F7F /* MainViewController.swift in Sources */ = {isa = PBXBuildFile; fileRef = 494277CC1DA9CD8600DF1F7F /* MainViewController.swift */; };
		49565DD11D8A1B0900F61297 /* Main.storyboard in Resources */ = {isa = PBXBuildFile; fileRef = 31363E231D1399B000CC86B9 /* Main.storyboard */; };
		49565DD21D8A1B0900F61297 /* Main.storyboard in Resources */ = {isa = PBXBuildFile; fileRef = 31363E231D1399B000CC86B9 /* Main.storyboard */; };
		499988C21D8791AE0025E3BB /* DataObjects.swift in Sources */ = {isa = PBXBuildFile; fileRef = 499988C11D8791AE0025E3BB /* DataObjects.swift */; };
		49A4DCF21D87A13B0072C625 /* Kid.swift in Sources */ = {isa = PBXBuildFile; fileRef = 49A4DCF11D87A13B0072C625 /* Kid.swift */; };
		49A4DCF31D87A13B0072C625 /* Kid.swift in Sources */ = {isa = PBXBuildFile; fileRef = 49A4DCF11D87A13B0072C625 /* Kid.swift */; };
		49A4DCF41D87A13B0072C625 /* Kid.swift in Sources */ = {isa = PBXBuildFile; fileRef = 49A4DCF11D87A13B0072C625 /* Kid.swift */; };
		49A4DCF61D882DA90072C625 /* ClassroomKids.swift in Sources */ = {isa = PBXBuildFile; fileRef = 49A4DCF51D882DA90072C625 /* ClassroomKids.swift */; };
		49A4DCF71D882DA90072C625 /* ClassroomKids.swift in Sources */ = {isa = PBXBuildFile; fileRef = 49A4DCF51D882DA90072C625 /* ClassroomKids.swift */; };
		49A4DCF81D882DA90072C625 /* ClassroomKids.swift in Sources */ = {isa = PBXBuildFile; fileRef = 49A4DCF51D882DA90072C625 /* ClassroomKids.swift */; };
		49EBCEFD1D99874700E490E4 /* AttendanceRecords.swift in Sources */ = {isa = PBXBuildFile; fileRef = 49EBCEFC1D99874700E490E4 /* AttendanceRecords.swift */; };
		49EBCEFE1D99874700E490E4 /* AttendanceRecords.swift in Sources */ = {isa = PBXBuildFile; fileRef = 49EBCEFC1D99874700E490E4 /* AttendanceRecords.swift */; };
		49EBCEFF1D99874700E490E4 /* AttendanceRecords.swift in Sources */ = {isa = PBXBuildFile; fileRef = 49EBCEFC1D99874700E490E4 /* AttendanceRecords.swift */; };
		49EBCF011D99891900E490E4 /* Attendance.swift in Sources */ = {isa = PBXBuildFile; fileRef = 49EBCF001D99891900E490E4 /* Attendance.swift */; };
		49EBCF021D99891900E490E4 /* Attendance.swift in Sources */ = {isa = PBXBuildFile; fileRef = 49EBCF001D99891900E490E4 /* Attendance.swift */; };
		49EBCF031D99891900E490E4 /* Attendance.swift in Sources */ = {isa = PBXBuildFile; fileRef = 49EBCF001D99891900E490E4 /* Attendance.swift */; };
		49EBE2BB1D9216450032D8C7 /* AddKid.swift in Sources */ = {isa = PBXBuildFile; fileRef = 49EBE2BA1D9216450032D8C7 /* AddKid.swift */; };
		49EBE2BC1D9216450032D8C7 /* AddKid.swift in Sources */ = {isa = PBXBuildFile; fileRef = 49EBE2BA1D9216450032D8C7 /* AddKid.swift */; };
		49EBE2BD1D9216450032D8C7 /* AddKid.swift in Sources */ = {isa = PBXBuildFile; fileRef = 49EBE2BA1D9216450032D8C7 /* AddKid.swift */; };
		49EDA88E1D94A1C3002700AB /* ImagePicker.swift in Sources */ = {isa = PBXBuildFile; fileRef = 49EDA88D1D94A1C3002700AB /* ImagePicker.swift */; };
		49EDA88F1D94A1C3002700AB /* ImagePicker.swift in Sources */ = {isa = PBXBuildFile; fileRef = 49EDA88D1D94A1C3002700AB /* ImagePicker.swift */; };
		49EDA8901D94A1C3002700AB /* ImagePicker.swift in Sources */ = {isa = PBXBuildFile; fileRef = 49EDA88D1D94A1C3002700AB /* ImagePicker.swift */; };
		49EDA8921D94AF8B002700AB /* image.swift in Sources */ = {isa = PBXBuildFile; fileRef = 49EDA8911D94AF8B002700AB /* image.swift */; };
		49EDA8931D94AF8B002700AB /* image.swift in Sources */ = {isa = PBXBuildFile; fileRef = 49EDA8911D94AF8B002700AB /* image.swift */; };
		49EDA8941D94AF8B002700AB /* image.swift in Sources */ = {isa = PBXBuildFile; fileRef = 49EDA8911D94AF8B002700AB /* image.swift */; };
/* End PBXBuildFile section */

/* Begin PBXContainerItemProxy section */
		31363E341D1399B000CC86B9 /* PBXContainerItemProxy */ = {
			isa = PBXContainerItemProxy;
			containerPortal = 31363E141D1399AF00CC86B9 /* Project object */;
			proxyType = 1;
			remoteGlobalIDString = 31363E1B1D1399AF00CC86B9;
			remoteInfo = "His Kids";
		};
		31363E3F1D1399B000CC86B9 /* PBXContainerItemProxy */ = {
			isa = PBXContainerItemProxy;
			containerPortal = 31363E141D1399AF00CC86B9 /* Project object */;
			proxyType = 1;
			remoteGlobalIDString = 31363E1B1D1399AF00CC86B9;
			remoteInfo = "His Kids";
		};
/* End PBXContainerItemProxy section */

/* Begin PBXFileReference section */
		31363E1C1D1399AF00CC86B9 /* His Kids.app */ = {isa = PBXFileReference; explicitFileType = wrapper.application; includeInIndex = 0; path = "His Kids.app"; sourceTree = BUILT_PRODUCTS_DIR; };
		31363E1F1D1399B000CC86B9 /* AppDelegate.swift */ = {isa = PBXFileReference; lastKnownFileType = sourcecode.swift; path = AppDelegate.swift; sourceTree = "<group>"; };
		31363E241D1399B000CC86B9 /* Base */ = {isa = PBXFileReference; lastKnownFileType = file.storyboard; name = Base; path = Base.lproj/Main.storyboard; sourceTree = "<group>"; };
		31363E271D1399B000CC86B9 /* His_Kids.xcdatamodel */ = {isa = PBXFileReference; lastKnownFileType = wrapper.xcdatamodel; path = His_Kids.xcdatamodel; sourceTree = "<group>"; };
		31363E291D1399B000CC86B9 /* Assets.xcassets */ = {isa = PBXFileReference; lastKnownFileType = folder.assetcatalog; path = Assets.xcassets; sourceTree = "<group>"; };
		31363E2C1D1399B000CC86B9 /* Base */ = {isa = PBXFileReference; lastKnownFileType = file.storyboard; name = Base; path = Base.lproj/LaunchScreen.storyboard; sourceTree = "<group>"; };
		31363E2E1D1399B000CC86B9 /* Info.plist */ = {isa = PBXFileReference; lastKnownFileType = text.plist.xml; path = Info.plist; sourceTree = "<group>"; };
		31363E331D1399B000CC86B9 /* His KidsTests.xctest */ = {isa = PBXFileReference; explicitFileType = wrapper.cfbundle; includeInIndex = 0; path = "His KidsTests.xctest"; sourceTree = BUILT_PRODUCTS_DIR; };
		31363E371D1399B000CC86B9 /* His_KidsTests.swift */ = {isa = PBXFileReference; lastKnownFileType = sourcecode.swift; path = His_KidsTests.swift; sourceTree = "<group>"; };
		31363E391D1399B000CC86B9 /* Info.plist */ = {isa = PBXFileReference; lastKnownFileType = text.plist.xml; path = Info.plist; sourceTree = "<group>"; };
		31363E3E1D1399B000CC86B9 /* His KidsUITests.xctest */ = {isa = PBXFileReference; explicitFileType = wrapper.cfbundle; includeInIndex = 0; path = "His KidsUITests.xctest"; sourceTree = BUILT_PRODUCTS_DIR; };
		31363E421D1399B000CC86B9 /* His_KidsUITests.swift */ = {isa = PBXFileReference; lastKnownFileType = sourcecode.swift; path = His_KidsUITests.swift; sourceTree = "<group>"; };
		31363E441D1399B000CC86B9 /* Info.plist */ = {isa = PBXFileReference; lastKnownFileType = text.plist.xml; path = Info.plist; sourceTree = "<group>"; };
		31363E501D139DEE00CC86B9 /* MapKit.framework */ = {isa = PBXFileReference; lastKnownFileType = wrapper.framework; name = MapKit.framework; path = System/Library/Frameworks/MapKit.framework; sourceTree = SDKROOT; };
		494277CC1DA9CD8600DF1F7F /* MainViewController.swift */ = {isa = PBXFileReference; fileEncoding = 4; lastKnownFileType = sourcecode.swift; path = MainViewController.swift; sourceTree = "<group>"; };
		499988C11D8791AE0025E3BB /* DataObjects.swift */ = {isa = PBXFileReference; fileEncoding = 4; lastKnownFileType = sourcecode.swift; path = DataObjects.swift; sourceTree = "<group>"; };
		49A4DCF11D87A13B0072C625 /* Kid.swift */ = {isa = PBXFileReference; fileEncoding = 4; lastKnownFileType = sourcecode.swift; path = Kid.swift; sourceTree = "<group>"; };
		49A4DCF51D882DA90072C625 /* ClassroomKids.swift */ = {isa = PBXFileReference; fileEncoding = 4; lastKnownFileType = sourcecode.swift; path = ClassroomKids.swift; sourceTree = "<group>"; };
		49EBCEFC1D99874700E490E4 /* AttendanceRecords.swift */ = {isa = PBXFileReference; fileEncoding = 4; lastKnownFileType = sourcecode.swift; path = AttendanceRecords.swift; sourceTree = "<group>"; };
		49EBCF001D99891900E490E4 /* Attendance.swift */ = {isa = PBXFileReference; fileEncoding = 4; lastKnownFileType = sourcecode.swift; path = Attendance.swift; sourceTree = "<group>"; };
		49EBE2BA1D9216450032D8C7 /* AddKid.swift */ = {isa = PBXFileReference; fileEncoding = 4; lastKnownFileType = sourcecode.swift; path = AddKid.swift; sourceTree = "<group>"; };
		49EDA88D1D94A1C3002700AB /* ImagePicker.swift */ = {isa = PBXFileReference; fileEncoding = 4; lastKnownFileType = sourcecode.swift; path = ImagePicker.swift; sourceTree = "<group>"; };
		49EDA8911D94AF8B002700AB /* image.swift */ = {isa = PBXFileReference; fileEncoding = 4; lastKnownFileType = sourcecode.swift; path = image.swift; sourceTree = "<group>"; };
/* End PBXFileReference section */

/* Begin PBXFrameworksBuildPhase section */
		31363E191D1399AF00CC86B9 /* Frameworks */ = {
			isa = PBXFrameworksBuildPhase;
			buildActionMask = 2147483647;
			files = (
				31363E511D139DEE00CC86B9 /* MapKit.framework in Frameworks */,
			);
			runOnlyForDeploymentPostprocessing = 0;
		};
		31363E301D1399B000CC86B9 /* Frameworks */ = {
			isa = PBXFrameworksBuildPhase;
			buildActionMask = 2147483647;
			files = (
			);
			runOnlyForDeploymentPostprocessing = 0;
		};
		31363E3B1D1399B000CC86B9 /* Frameworks */ = {
			isa = PBXFrameworksBuildPhase;
			buildActionMask = 2147483647;
			files = (
			);
			runOnlyForDeploymentPostprocessing = 0;
		};
/* End PBXFrameworksBuildPhase section */

/* Begin PBXGroup section */
		31363E131D1399AF00CC86B9 = {
			isa = PBXGroup;
			children = (
				31363E501D139DEE00CC86B9 /* MapKit.framework */,
				31363E1E1D1399B000CC86B9 /* His Kids */,
				31363E361D1399B000CC86B9 /* His KidsTests */,
				31363E411D1399B000CC86B9 /* His KidsUITests */,
				31363E1D1D1399AF00CC86B9 /* Products */,
			);
			sourceTree = "<group>";
		};
		31363E1D1D1399AF00CC86B9 /* Products */ = {
			isa = PBXGroup;
			children = (
				31363E1C1D1399AF00CC86B9 /* His Kids.app */,
				31363E331D1399B000CC86B9 /* His KidsTests.xctest */,
				31363E3E1D1399B000CC86B9 /* His KidsUITests.xctest */,
			);
			name = Products;
			sourceTree = "<group>";
		};
		31363E1E1D1399B000CC86B9 /* His Kids */ = {
			isa = PBXGroup;
			children = (
				49A4DCF51D882DA90072C625 /* ClassroomKids.swift */,
				494277CC1DA9CD8600DF1F7F /* MainViewController.swift */,
				49EBE2BA1D9216450032D8C7 /* AddKid.swift */,
				49EBCEFC1D99874700E490E4 /* AttendanceRecords.swift */,
				49EBCF001D99891900E490E4 /* Attendance.swift */,
				49EDA88D1D94A1C3002700AB /* ImagePicker.swift */,
				49EDA8911D94AF8B002700AB /* image.swift */,
				31363E1F1D1399B000CC86B9 /* AppDelegate.swift */,
				31363E231D1399B000CC86B9 /* Main.storyboard */,
				31363E291D1399B000CC86B9 /* Assets.xcassets */,
				31363E2B1D1399B000CC86B9 /* LaunchScreen.storyboard */,
				31363E2E1D1399B000CC86B9 /* Info.plist */,
				31363E261D1399B000CC86B9 /* His_Kids.xcdatamodeld */,
				499988C11D8791AE0025E3BB /* DataObjects.swift */,
				49A4DCF11D87A13B0072C625 /* Kid.swift */,
			);
			path = "His Kids";
			sourceTree = "<group>";
		};
		31363E361D1399B000CC86B9 /* His KidsTests */ = {
			isa = PBXGroup;
			children = (
				31363E371D1399B000CC86B9 /* His_KidsTests.swift */,
				31363E391D1399B000CC86B9 /* Info.plist */,
			);
			path = "His KidsTests";
			sourceTree = "<group>";
		};
		31363E411D1399B000CC86B9 /* His KidsUITests */ = {
			isa = PBXGroup;
			children = (
				31363E421D1399B000CC86B9 /* His_KidsUITests.swift */,
				31363E441D1399B000CC86B9 /* Info.plist */,
			);
			path = "His KidsUITests";
			sourceTree = "<group>";
		};
/* End PBXGroup section */

/* Begin PBXNativeTarget section */
		31363E1B1D1399AF00CC86B9 /* His Kids */ = {
			isa = PBXNativeTarget;
			buildConfigurationList = 31363E471D1399B000CC86B9 /* Build configuration list for PBXNativeTarget "His Kids" */;
			buildPhases = (
				31363E181D1399AF00CC86B9 /* Sources */,
				31363E191D1399AF00CC86B9 /* Frameworks */,
				31363E1A1D1399AF00CC86B9 /* Resources */,
			);
			buildRules = (
			);
			dependencies = (
			);
			name = "His Kids";
			productName = "His Kids";
			productReference = 31363E1C1D1399AF00CC86B9 /* His Kids.app */;
			productType = "com.apple.product-type.application";
		};
		31363E321D1399B000CC86B9 /* His KidsTests */ = {
			isa = PBXNativeTarget;
			buildConfigurationList = 31363E4A1D1399B000CC86B9 /* Build configuration list for PBXNativeTarget "His KidsTests" */;
			buildPhases = (
				31363E2F1D1399B000CC86B9 /* Sources */,
				31363E301D1399B000CC86B9 /* Frameworks */,
				31363E311D1399B000CC86B9 /* Resources */,
			);
			buildRules = (
			);
			dependencies = (
				31363E351D1399B000CC86B9 /* PBXTargetDependency */,
			);
			name = "His KidsTests";
			productName = "His KidsTests";
			productReference = 31363E331D1399B000CC86B9 /* His KidsTests.xctest */;
			productType = "com.apple.product-type.bundle.unit-test";
		};
		31363E3D1D1399B000CC86B9 /* His KidsUITests */ = {
			isa = PBXNativeTarget;
			buildConfigurationList = 31363E4D1D1399B000CC86B9 /* Build configuration list for PBXNativeTarget "His KidsUITests" */;
			buildPhases = (
				31363E3A1D1399B000CC86B9 /* Sources */,
				31363E3B1D1399B000CC86B9 /* Frameworks */,
				31363E3C1D1399B000CC86B9 /* Resources */,
			);
			buildRules = (
			);
			dependencies = (
				31363E401D1399B000CC86B9 /* PBXTargetDependency */,
			);
			name = "His KidsUITests";
			productName = "His KidsUITests";
			productReference = 31363E3E1D1399B000CC86B9 /* His KidsUITests.xctest */;
			productType = "com.apple.product-type.bundle.ui-testing";
		};
/* End PBXNativeTarget section */

/* Begin PBXProject section */
		31363E141D1399AF00CC86B9 /* Project object */ = {
			isa = PBXProject;
			attributes = {
				LastSwiftUpdateCheck = 0730;
				LastUpgradeCheck = 0800;
				ORGANIZATIONNAME = "Samer Salib";
				TargetAttributes = {
					31363E1B1D1399AF00CC86B9 = {
						CreatedOnToolsVersion = 7.3.1;
						DevelopmentTeam = 9XJ9N97BCP;
						LastSwiftMigration = 0800;
						SystemCapabilities = {
							com.apple.Maps.iOS = {
								enabled = 1;
							};
						};
					};
					31363E321D1399B000CC86B9 = {
						CreatedOnToolsVersion = 7.3.1;
						DevelopmentTeam = 9XJ9N97BCP;
						LastSwiftMigration = 0800;
						TestTargetID = 31363E1B1D1399AF00CC86B9;
					};
					31363E3D1D1399B000CC86B9 = {
						CreatedOnToolsVersion = 7.3.1;
						DevelopmentTeam = 9XJ9N97BCP;
						LastSwiftMigration = 0800;
						TestTargetID = 31363E1B1D1399AF00CC86B9;
					};
				};
			};
			buildConfigurationList = 31363E171D1399AF00CC86B9 /* Build configuration list for PBXProject "His Kids" */;
			compatibilityVersion = "Xcode 3.2";
			developmentRegion = English;
			hasScannedForEncodings = 0;
			knownRegions = (
				en,
				Base,
			);
			mainGroup = 31363E131D1399AF00CC86B9;
			productRefGroup = 31363E1D1D1399AF00CC86B9 /* Products */;
			projectDirPath = "";
			projectRoot = "";
			targets = (
				31363E1B1D1399AF00CC86B9 /* His Kids */,
				31363E321D1399B000CC86B9 /* His KidsTests */,
				31363E3D1D1399B000CC86B9 /* His KidsUITests */,
			);
		};
/* End PBXProject section */

/* Begin PBXResourcesBuildPhase section */
		31363E1A1D1399AF00CC86B9 /* Resources */ = {
			isa = PBXResourcesBuildPhase;
			buildActionMask = 2147483647;
			files = (
				31363E2D1D1399B000CC86B9 /* LaunchScreen.storyboard in Resources */,
				31363E2A1D1399B000CC86B9 /* Assets.xcassets in Resources */,
				31363E251D1399B000CC86B9 /* Main.storyboard in Resources */,
			);
			runOnlyForDeploymentPostprocessing = 0;
		};
		31363E311D1399B000CC86B9 /* Resources */ = {
			isa = PBXResourcesBuildPhase;
			buildActionMask = 2147483647;
			files = (
				49565DD11D8A1B0900F61297 /* Main.storyboard in Resources */,
			);
			runOnlyForDeploymentPostprocessing = 0;
		};
		31363E3C1D1399B000CC86B9 /* Resources */ = {
			isa = PBXResourcesBuildPhase;
			buildActionMask = 2147483647;
			files = (
				49565DD21D8A1B0900F61297 /* Main.storyboard in Resources */,
			);
			runOnlyForDeploymentPostprocessing = 0;
		};
/* End PBXResourcesBuildPhase section */

/* Begin PBXSourcesBuildPhase section */
		31363E181D1399AF00CC86B9 /* Sources */ = {
			isa = PBXSourcesBuildPhase;
			buildActionMask = 2147483647;
			files = (
				49EBCF011D99891900E490E4 /* Attendance.swift in Sources */,
				494277CD1DA9CD8600DF1F7F /* MainViewController.swift in Sources */,
				49A4DCF61D882DA90072C625 /* ClassroomKids.swift in Sources */,
				49EBE2BB1D9216450032D8C7 /* AddKid.swift in Sources */,
				49A4DCF21D87A13B0072C625 /* Kid.swift in Sources */,
				31363E281D1399B000CC86B9 /* His_Kids.xcdatamodeld in Sources */,
				49EBCEFD1D99874700E490E4 /* AttendanceRecords.swift in Sources */,
				499988C21D8791AE0025E3BB /* DataObjects.swift in Sources */,
				31363E201D1399B000CC86B9 /* AppDelegate.swift in Sources */,
				49EDA8921D94AF8B002700AB /* image.swift in Sources */,
				49EDA88E1D94A1C3002700AB /* ImagePicker.swift in Sources */,
			);
			runOnlyForDeploymentPostprocessing = 0;
		};
		31363E2F1D1399B000CC86B9 /* Sources */ = {
			isa = PBXSourcesBuildPhase;
			buildActionMask = 2147483647;
			files = (
				49EDA8931D94AF8B002700AB /* image.swift in Sources */,
				49A4DCF71D882DA90072C625 /* ClassroomKids.swift in Sources */,
				49EBCEFE1D99874700E490E4 /* AttendanceRecords.swift in Sources */,
				49EDA88F1D94A1C3002700AB /* ImagePicker.swift in Sources */,
				49EBE2BC1D9216450032D8C7 /* AddKid.swift in Sources */,
				49A4DCF31D87A13B0072C625 /* Kid.swift in Sources */,
				494277CE1DA9CD8600DF1F7F /* MainViewController.swift in Sources */,
				49EBCF021D99891900E490E4 /* Attendance.swift in Sources */,
				31363E381D1399B000CC86B9 /* His_KidsTests.swift in Sources */,
			);
			runOnlyForDeploymentPostprocessing = 0;
		};
		31363E3A1D1399B000CC86B9 /* Sources */ = {
			isa = PBXSourcesBuildPhase;
			buildActionMask = 2147483647;
			files = (
				49EDA8941D94AF8B002700AB /* image.swift in Sources */,
				49A4DCF81D882DA90072C625 /* ClassroomKids.swift in Sources */,
				49EBCEFF1D99874700E490E4 /* AttendanceRecords.swift in Sources */,
				49EDA8901D94A1C3002700AB /* ImagePicker.swift in Sources */,
				49EBE2BD1D9216450032D8C7 /* AddKid.swift in Sources */,
				49A4DCF41D87A13B0072C625 /* Kid.swift in Sources */,
				494277CF1DA9CD8600DF1F7F /* MainViewController.swift in Sources */,
				49EBCF031D99891900E490E4 /* Attendance.swift in Sources */,
				31363E431D1399B000CC86B9 /* His_KidsUITests.swift in Sources */,
			);
			runOnlyForDeploymentPostprocessing = 0;
		};
/* End PBXSourcesBuildPhase section */

/* Begin PBXTargetDependency section */
		31363E351D1399B000CC86B9 /* PBXTargetDependency */ = {
			isa = PBXTargetDependency;
			target = 31363E1B1D1399AF00CC86B9 /* His Kids */;
			targetProxy = 31363E341D1399B000CC86B9 /* PBXContainerItemProxy */;
		};
		31363E401D1399B000CC86B9 /* PBXTargetDependency */ = {
			isa = PBXTargetDependency;
			target = 31363E1B1D1399AF00CC86B9 /* His Kids */;
			targetProxy = 31363E3F1D1399B000CC86B9 /* PBXContainerItemProxy */;
		};
/* End PBXTargetDependency section */

/* Begin PBXVariantGroup section */
		31363E231D1399B000CC86B9 /* Main.storyboard */ = {
			isa = PBXVariantGroup;
			children = (
				31363E241D1399B000CC86B9 /* Base */,
			);
			name = Main.storyboard;
			sourceTree = "<group>";
		};
		31363E2B1D1399B000CC86B9 /* LaunchScreen.storyboard */ = {
			isa = PBXVariantGroup;
			children = (
				31363E2C1D1399B000CC86B9 /* Base */,
			);
			name = LaunchScreen.storyboard;
			sourceTree = "<group>";
		};
/* End PBXVariantGroup section */

/* Begin XCBuildConfiguration section */
		31363E451D1399B000CC86B9 /* Debug */ = {
			isa = XCBuildConfiguration;
			buildSettings = {
				ALWAYS_SEARCH_USER_PATHS = NO;
				CLANG_ANALYZER_NONNULL = YES;
				CLANG_CXX_LANGUAGE_STANDARD = "gnu++0x";
				CLANG_CXX_LIBRARY = "libc++";
				CLANG_ENABLE_MODULES = YES;
				CLANG_ENABLE_OBJC_ARC = YES;
				CLANG_WARN_BOOL_CONVERSION = YES;
				CLANG_WARN_CONSTANT_CONVERSION = YES;
				CLANG_WARN_DIRECT_OBJC_ISA_USAGE = YES_ERROR;
				CLANG_WARN_EMPTY_BODY = YES;
				CLANG_WARN_ENUM_CONVERSION = YES;
				CLANG_WARN_INFINITE_RECURSION = YES;
				CLANG_WARN_INT_CONVERSION = YES;
				CLANG_WARN_OBJC_ROOT_CLASS = YES_ERROR;
				CLANG_WARN_SUSPICIOUS_MOVE = YES;
				CLANG_WARN_UNREACHABLE_CODE = YES;
				CLANG_WARN__DUPLICATE_METHOD_MATCH = YES;
				"CODE_SIGN_IDENTITY[sdk=iphoneos*]" = "iPhone Developer";
				COPY_PHASE_STRIP = NO;
				DEBUG_INFORMATION_FORMAT = dwarf;
				ENABLE_STRICT_OBJC_MSGSEND = YES;
				ENABLE_TESTABILITY = YES;
				GCC_C_LANGUAGE_STANDARD = gnu99;
				GCC_DYNAMIC_NO_PIC = NO;
				GCC_NO_COMMON_BLOCKS = YES;
				GCC_OPTIMIZATION_LEVEL = 0;
				GCC_PREPROCESSOR_DEFINITIONS = (
					"DEBUG=1",
					"$(inherited)",
				);
				GCC_WARN_64_TO_32_BIT_CONVERSION = YES;
				GCC_WARN_ABOUT_RETURN_TYPE = YES_ERROR;
				GCC_WARN_UNDECLARED_SELECTOR = YES;
				GCC_WARN_UNINITIALIZED_AUTOS = YES_AGGRESSIVE;
				GCC_WARN_UNUSED_FUNCTION = YES;
				GCC_WARN_UNUSED_VARIABLE = YES;
				IPHONEOS_DEPLOYMENT_TARGET = 8.0;
				MTL_ENABLE_DEBUG_INFO = YES;
				ONLY_ACTIVE_ARCH = YES;
				SDKROOT = iphoneos;
				SWIFT_OPTIMIZATION_LEVEL = "-Onone";
			};
			name = Debug;
		};
		31363E461D1399B000CC86B9 /* Release */ = {
			isa = XCBuildConfiguration;
			buildSettings = {
				ALWAYS_SEARCH_USER_PATHS = NO;
				CLANG_ANALYZER_NONNULL = YES;
				CLANG_CXX_LANGUAGE_STANDARD = "gnu++0x";
				CLANG_CXX_LIBRARY = "libc++";
				CLANG_ENABLE_MODULES = YES;
				CLANG_ENABLE_OBJC_ARC = YES;
				CLANG_WARN_BOOL_CONVERSION = YES;
				CLANG_WARN_CONSTANT_CONVERSION = YES;
				CLANG_WARN_DIRECT_OBJC_ISA_USAGE = YES_ERROR;
				CLANG_WARN_EMPTY_BODY = YES;
				CLANG_WARN_ENUM_CONVERSION = YES;
				CLANG_WARN_INFINITE_RECURSION = YES;
				CLANG_WARN_INT_CONVERSION = YES;
				CLANG_WARN_OBJC_ROOT_CLASS = YES_ERROR;
				CLANG_WARN_SUSPICIOUS_MOVE = YES;
				CLANG_WARN_UNREACHABLE_CODE = YES;
				CLANG_WARN__DUPLICATE_METHOD_MATCH = YES;
				"CODE_SIGN_IDENTITY[sdk=iphoneos*]" = "iPhone Developer";
				COPY_PHASE_STRIP = NO;
				DEBUG_INFORMATION_FORMAT = "dwarf-with-dsym";
				ENABLE_NS_ASSERTIONS = NO;
				ENABLE_STRICT_OBJC_MSGSEND = YES;
				GCC_C_LANGUAGE_STANDARD = gnu99;
				GCC_NO_COMMON_BLOCKS = YES;
				GCC_WARN_64_TO_32_BIT_CONVERSION = YES;
				GCC_WARN_ABOUT_RETURN_TYPE = YES_ERROR;
				GCC_WARN_UNDECLARED_SELECTOR = YES;
				GCC_WARN_UNINITIALIZED_AUTOS = YES_AGGRESSIVE;
				GCC_WARN_UNUSED_FUNCTION = YES;
				GCC_WARN_UNUSED_VARIABLE = YES;
				IPHONEOS_DEPLOYMENT_TARGET = 8.0;
				MTL_ENABLE_DEBUG_INFO = NO;
				SDKROOT = iphoneos;
				SWIFT_OPTIMIZATION_LEVEL = "-Owholemodule";
				VALIDATE_PRODUCT = YES;
			};
			name = Release;
		};
		31363E481D1399B000CC86B9 /* Debug */ = {
			isa = XCBuildConfiguration;
			buildSettings = {
				ASSETCATALOG_COMPILER_APPICON_NAME = AppIcon;
				CODE_SIGN_IDENTITY = "iPhone Developer";
				"CODE_SIGN_IDENTITY[sdk=iphoneos*]" = "iPhone Developer";
				INFOPLIST_FILE = "His Kids/Info.plist";
				IPHONEOS_DEPLOYMENT_TARGET = 8.0;
				LD_RUNPATH_SEARCH_PATHS = "$(inherited) @executable_path/Frameworks";
				PRODUCT_BUNDLE_IDENTIFIER = "Samson.His-Kids";
				PRODUCT_NAME = "$(TARGET_NAME)";
				PROVISIONING_PROFILE = "";
				SWIFT_VERSION = 3.0;
				TARGETED_DEVICE_FAMILY = "1,2";
			};
			name = Debug;
		};
		31363E491D1399B000CC86B9 /* Release */ = {
			isa = XCBuildConfiguration;
			buildSettings = {
				ASSETCATALOG_COMPILER_APPICON_NAME = AppIcon;
				CODE_SIGN_IDENTITY = "iPhone Developer";
				"CODE_SIGN_IDENTITY[sdk=iphoneos*]" = "iPhone Developer";
				INFOPLIST_FILE = "His Kids/Info.plist";
				IPHONEOS_DEPLOYMENT_TARGET = 8.0;
				LD_RUNPATH_SEARCH_PATHS = "$(inherited) @executable_path/Frameworks";
				PRODUCT_BUNDLE_IDENTIFIER = "Samson.His-Kids";
				PRODUCT_NAME = "$(TARGET_NAME)";
				PROVISIONING_PROFILE = "";
				SWIFT_VERSION = 3.0;
				TARGETED_DEVICE_FAMILY = "1,2";
			};
			name = Release;
		};
		31363E4B1D1399B000CC86B9 /* Debug */ = {
			isa = XCBuildConfiguration;
			buildSettings = {
				BUNDLE_LOADER = "$(TEST_HOST)";
				INFOPLIST_FILE = "His KidsTests/Info.plist";
				LD_RUNPATH_SEARCH_PATHS = "$(inherited) @executable_path/Frameworks @loader_path/Frameworks";
				PRODUCT_BUNDLE_IDENTIFIER = "Samson.His-KidsTests";
				PRODUCT_NAME = "$(TARGET_NAME)";
				SWIFT_VERSION = 3.0;
				TEST_HOST = "$(BUILT_PRODUCTS_DIR)/His Kids.app/His Kids";
			};
			name = Debug;
		};
		31363E4C1D1399B000CC86B9 /* Release */ = {
			isa = XCBuildConfiguration;
			buildSettings = {
				BUNDLE_LOADER = "$(TEST_HOST)";
				INFOPLIST_FILE = "His KidsTests/Info.plist";
				LD_RUNPATH_SEARCH_PATHS = "$(inherited) @executable_path/Frameworks @loader_path/Frameworks";
				PRODUCT_BUNDLE_IDENTIFIER = "Samson.His-KidsTests";
				PRODUCT_NAME = "$(TARGET_NAME)";
				SWIFT_VERSION = 3.0;
				TEST_HOST = "$(BUILT_PRODUCTS_DIR)/His Kids.app/His Kids";
			};
			name = Release;
		};
		31363E4E1D1399B000CC86B9 /* Debug */ = {
			isa = XCBuildConfiguration;
			buildSettings = {
				INFOPLIST_FILE = "His KidsUITests/Info.plist";
				LD_RUNPATH_SEARCH_PATHS = "$(inherited) @executable_path/Frameworks @loader_path/Frameworks";
				PRODUCT_BUNDLE_IDENTIFIER = "Samson.His-KidsUITests";
				PRODUCT_NAME = "$(TARGET_NAME)";
				SWIFT_VERSION = 3.0;
				TEST_TARGET_NAME = "His Kids";
			};
			name = Debug;
		};
		31363E4F1D1399B000CC86B9 /* Release */ = {
			isa = XCBuildConfiguration;
			buildSettings = {
				INFOPLIST_FILE = "His KidsUITests/Info.plist";
				LD_RUNPATH_SEARCH_PATHS = "$(inherited) @executable_path/Frameworks @loader_path/Frameworks";
				PRODUCT_BUNDLE_IDENTIFIER = "Samson.His-KidsUITests";
				PRODUCT_NAME = "$(TARGET_NAME)";
				SWIFT_VERSION = 3.0;
				TEST_TARGET_NAME = "His Kids";
			};
			name = Release;
		};
/* End XCBuildConfiguration section */

/* Begin XCConfigurationList section */
		31363E171D1399AF00CC86B9 /* Build configuration list for PBXProject "His Kids" */ = {
			isa = XCConfigurationList;
			buildConfigurations = (
				31363E451D1399B000CC86B9 /* Debug */,
				31363E461D1399B000CC86B9 /* Release */,
			);
			defaultConfigurationIsVisible = 0;
			defaultConfigurationName = Release;
		};
		31363E471D1399B000CC86B9 /* Build configuration list for PBXNativeTarget "His Kids" */ = {
			isa = XCConfigurationList;
			buildConfigurations = (
				31363E481D1399B000CC86B9 /* Debug */,
				31363E491D1399B000CC86B9 /* Release */,
			);
			defaultConfigurationIsVisible = 0;
			defaultConfigurationName = Release;
		};
		31363E4A1D1399B000CC86B9 /* Build configuration list for PBXNativeTarget "His KidsTests" */ = {
			isa = XCConfigurationList;
			buildConfigurations = (
				31363E4B1D1399B000CC86B9 /* Debug */,
				31363E4C1D1399B000CC86B9 /* Release */,
			);
			defaultConfigurationIsVisible = 0;
			defaultConfigurationName = Release;
		};
		31363E4D1D1399B000CC86B9 /* Build configuration list for PBXNativeTarget "His KidsUITests" */ = {
			isa = XCConfigurationList;
			buildConfigurations = (
				31363E4E1D1399B000CC86B9 /* Debug */,
				31363E4F1D1399B000CC86B9 /* Release */,
			);
			defaultConfigurationIsVisible = 0;
			defaultConfigurationName = Release;
		};
/* End XCConfigurationList section */

/* Begin XCVersionGroup section */
		31363E261D1399B000CC86B9 /* His_Kids.xcdatamodeld */ = {
			isa = XCVersionGroup;
			children = (
				31363E271D1399B000CC86B9 /* His_Kids.xcdatamodel */,
			);
			currentVersion = 31363E271D1399B000CC86B9 /* His_Kids.xcdatamodel */;
			path = His_Kids.xcdatamodeld;
			sourceTree = "<group>";
			versionGroupType = wrapper.xcdatamodel;
		};
/* End XCVersionGroup section */
	};
	rootObject = 31363E141D1399AF00CC86B9 /* Project object */;
}
